
Microsoft Visual Studio Solution File, Format Version 12.00
# Visual Studio 15
VisualStudioVersion = 15.0.28307.168
MinimumVisualStudioVersion = 10.0.40219.1
Project("{FAE04EC0-301F-11D3-BF4B-00C04F79EFBC}") = "idNumberValidatorApi", "idNumberValidatorApi\idNumberValidatorApi.csproj", "{83DA7558-A01B-4135-8A69-2627F63968F0}"
EndProject
Global
	GlobalSection(SolutionConfigurationPlatforms) = preSolution
		Debug|Any CPU = Debug|Any CPU
		Release|Any CPU = Release|Any CPU
	EndGlobalSection
	GlobalSection(ProjectConfigurationPlatforms) = postSolution
		{83DA7558-A01B-4135-8A69-2627F63968F0}.Debug|Any CPU.ActiveCfg = Debug|Any CPU
		{83DA7558-A01B-4135-8A69-2627F63968F0}.Debug|Any CPU.Build.0 = Debug|Any CPU
		{83DA7558-A01B-4135-8A69-2627F63968F0}.Release|Any CPU.ActiveCfg = Release|Any CPU
		{83DA7558-A01B-4135-8A69-2627F63968F0}.Release|Any CPU.Build.0 = Release|Any CPU
	EndGlobalSection
	GlobalSection(SolutionProperties) = preSolution
		HideSolutionNode = FALSE
	EndGlobalSection
	GlobalSection(ExtensibilityGlobals) = postSolution
		SolutionGuid = {1392C0DD-2AC5-4BB0-88AE-90719E1FE899}
	EndGlobalSection
EndGlobal
